// !$*UTF8*$!
{
	archiveVersion = 1;
	classes = {
	};
	objectVersion = 50;
	objects = {

/* Begin PBXBuildFile section */
		A21C526A2395A5E200DDF33F /* LAACar.m in Sources */ = {isa = PBXBuildFile; fileRef = A21C52692395A5E200DDF33F /* LAACar.m */; };
		A292C85B2395D135000047A5 /* LAACarBuilder.m in Sources */ = {isa = PBXBuildFile; fileRef = A292C85A2395D135000047A5 /* LAACarBuilder.m */; };
		A292C8642395E2F2000047A5 /* LAAStandardCarBuilder.m in Sources */ = {isa = PBXBuildFile; fileRef = A292C8632395E2F2000047A5 /* LAAStandardCarBuilder.m */; };
		A292C8672395E458000047A5 /* LAADirector.m in Sources */ = {isa = PBXBuildFile; fileRef = A292C8662395E458000047A5 /* LAADirector.m */; };
		A292C86D23965E20000047A5 /* LAASportCarBuilder.m in Sources */ = {isa = PBXBuildFile; fileRef = A292C86C23965E20000047A5 /* LAASportCarBuilder.m */; };
		A2C6E8F1238F069B002D9EEC /* AppDelegate.m in Sources */ = {isa = PBXBuildFile; fileRef = A2C6E8F0238F069B002D9EEC /* AppDelegate.m */; };
		A2C6E8F4238F069B002D9EEC /* SceneDelegate.m in Sources */ = {isa = PBXBuildFile; fileRef = A2C6E8F3238F069B002D9EEC /* SceneDelegate.m */; };
		A2C6E8F7238F069B002D9EEC /* ViewController.m in Sources */ = {isa = PBXBuildFile; fileRef = A2C6E8F6238F069B002D9EEC /* ViewController.m */; };
		A2C6E8FA238F069B002D9EEC /* Main.storyboard in Resources */ = {isa = PBXBuildFile; fileRef = A2C6E8F8238F069B002D9EEC /* Main.storyboard */; };
		A2C6E8FC238F069E002D9EEC /* Assets.xcassets in Resources */ = {isa = PBXBuildFile; fileRef = A2C6E8FB238F069E002D9EEC /* Assets.xcassets */; };
		A2C6E8FF238F069E002D9EEC /* LaunchScreen.storyboard in Resources */ = {isa = PBXBuildFile; fileRef = A2C6E8FD238F069E002D9EEC /* LaunchScreen.storyboard */; };
		A2C6E902238F069E002D9EEC /* main.m in Sources */ = {isa = PBXBuildFile; fileRef = A2C6E901238F069E002D9EEC /* main.m */; };
/* End PBXBuildFile section */

/* Begin PBXFileReference section */
		A21C52682395A5E200DDF33F /* LAACar.h */ = {isa = PBXFileReference; lastKnownFileType = sourcecode.c.h; path = LAACar.h; sourceTree = "<group>"; };
		A21C52692395A5E200DDF33F /* LAACar.m */ = {isa = PBXFileReference; lastKnownFileType = sourcecode.c.objc; path = LAACar.m; sourceTree = "<group>"; };
		A292C8592395D135000047A5 /* LAACarBuilder.h */ = {isa = PBXFileReference; lastKnownFileType = sourcecode.c.h; path = LAACarBuilder.h; sourceTree = "<group>"; };
		A292C85A2395D135000047A5 /* LAACarBuilder.m */ = {isa = PBXFileReference; lastKnownFileType = sourcecode.c.objc; path = LAACarBuilder.m; sourceTree = "<group>"; };
		A292C8622395E2F2000047A5 /* LAAStandardCarBuilder.h */ = {isa = PBXFileReference; lastKnownFileType = sourcecode.c.h; path = LAAStandardCarBuilder.h; sourceTree = "<group>"; };
		A292C8632395E2F2000047A5 /* LAAStandardCarBuilder.m */ = {isa = PBXFileReference; lastKnownFileType = sourcecode.c.objc; path = LAAStandardCarBuilder.m; sourceTree = "<group>"; };
		A292C8652395E458000047A5 /* LAADirector.h */ = {isa = PBXFileReference; lastKnownFileType = sourcecode.c.h; path = LAADirector.h; sourceTree = "<group>"; };
		A292C8662395E458000047A5 /* LAADirector.m */ = {isa = PBXFileReference; lastKnownFileType = sourcecode.c.objc; path = LAADirector.m; sourceTree = "<group>"; };
		A292C86B23965E20000047A5 /* LAASportCarBuilder.h */ = {isa = PBXFileReference; lastKnownFileType = sourcecode.c.h; path = LAASportCarBuilder.h; sourceTree = "<group>"; };
		A292C86C23965E20000047A5 /* LAASportCarBuilder.m */ = {isa = PBXFileReference; lastKnownFileType = sourcecode.c.objc; path = LAASportCarBuilder.m; sourceTree = "<group>"; };
		A2C6E8EC238F069B002D9EEC /* MyBuilderObjc.app */ = {isa = PBXFileReference; explicitFileType = wrapper.application; includeInIndex = 0; path = MyBuilderObjc.app; sourceTree = BUILT_PRODUCTS_DIR; };
		A2C6E8EF238F069B002D9EEC /* AppDelegate.h */ = {isa = PBXFileReference; lastKnownFileType = sourcecode.c.h; path = AppDelegate.h; sourceTree = "<group>"; };
		A2C6E8F0238F069B002D9EEC /* AppDelegate.m */ = {isa = PBXFileReference; lastKnownFileType = sourcecode.c.objc; path = AppDelegate.m; sourceTree = "<group>"; };
		A2C6E8F2238F069B002D9EEC /* SceneDelegate.h */ = {isa = PBXFileReference; lastKnownFileType = sourcecode.c.h; path = SceneDelegate.h; sourceTree = "<group>"; };
		A2C6E8F3238F069B002D9EEC /* SceneDelegate.m */ = {isa = PBXFileReference; lastKnownFileType = sourcecode.c.objc; path = SceneDelegate.m; sourceTree = "<group>"; };
		A2C6E8F5238F069B002D9EEC /* ViewController.h */ = {isa = PBXFileReference; lastKnownFileType = sourcecode.c.h; path = ViewController.h; sourceTree = "<group>"; };
		A2C6E8F6238F069B002D9EEC /* ViewController.m */ = {isa = PBXFileReference; lastKnownFileType = sourcecode.c.objc; path = ViewController.m; sourceTree = "<group>"; };
		A2C6E8F9238F069B002D9EEC /* Base */ = {isa = PBXFileReference; lastKnownFileType = file.storyboard; name = Base; path = Base.lproj/Main.storyboard; sourceTree = "<group>"; };
		A2C6E8FB238F069E002D9EEC /* Assets.xcassets */ = {isa = PBXFileReference; lastKnownFileType = folder.assetcatalog; path = Assets.xcassets; sourceTree = "<group>"; };
		A2C6E8FE238F069E002D9EEC /* Base */ = {isa = PBXFileReference; lastKnownFileType = file.storyboard; name = Base; path = Base.lproj/LaunchScreen.storyboard; sourceTree = "<group>"; };
		A2C6E900238F069E002D9EEC /* Info.plist */ = {isa = PBXFileReference; lastKnownFileType = text.plist.xml; path = Info.plist; sourceTree = "<group>"; };
		A2C6E901238F069E002D9EEC /* main.m */ = {isa = PBXFileReference; lastKnownFileType = sourcecode.c.objc; path = main.m; sourceTree = "<group>"; };
/* End PBXFileReference section */

/* Begin PBXFrameworksBuildPhase section */
		A2C6E8E9238F069B002D9EEC /* Frameworks */ = {
			isa = PBXFrameworksBuildPhase;
			buildActionMask = 2147483647;
			files = (
			);
			runOnlyForDeploymentPostprocessing = 0;
		};
/* End PBXFrameworksBuildPhase section */

/* Begin PBXGroup section */
		A2C6E8E3238F069B002D9EEC = {
			isa = PBXGroup;
			children = (
				A2C6E8EE238F069B002D9EEC /* MyBuilderObjc */,
				A2C6E8ED238F069B002D9EEC /* Products */,
			);
			sourceTree = "<group>";
		};
		A2C6E8ED238F069B002D9EEC /* Products */ = {
			isa = PBXGroup;
			children = (
				A2C6E8EC238F069B002D9EEC /* MyBuilderObjc.app */,
			);
			name = Products;
			sourceTree = "<group>";
		};
		A2C6E8EE238F069B002D9EEC /* MyBuilderObjc */ = {
			isa = PBXGroup;
			children = (
				A2C6E8EF238F069B002D9EEC /* AppDelegate.h */,
				A2C6E8F0238F069B002D9EEC /* AppDelegate.m */,
				A2C6E8F2238F069B002D9EEC /* SceneDelegate.h */,
				A2C6E8F3238F069B002D9EEC /* SceneDelegate.m */,
				A2C6E8F5238F069B002D9EEC /* ViewController.h */,
				A2C6E8F6238F069B002D9EEC /* ViewController.m */,
				A21C52682395A5E200DDF33F /* LAACar.h */,
				A21C52692395A5E200DDF33F /* LAACar.m */,
				A292C8592395D135000047A5 /* LAACarBuilder.h */,
				A292C85A2395D135000047A5 /* LAACarBuilder.m */,
				A292C8622395E2F2000047A5 /* LAAStandardCarBuilder.h */,
				A292C8632395E2F2000047A5 /* LAAStandardCarBuilder.m */,
				A292C86B23965E20000047A5 /* LAASportCarBuilder.h */,
				A292C86C23965E20000047A5 /* LAASportCarBuilder.m */,
				A292C8652395E458000047A5 /* LAADirector.h */,
				A292C8662395E458000047A5 /* LAADirector.m */,
				A2C6E8F8238F069B002D9EEC /* Main.storyboard */,
				A2C6E8FB238F069E002D9EEC /* Assets.xcassets */,
				A2C6E8FD238F069E002D9EEC /* LaunchScreen.storyboard */,
				A2C6E900238F069E002D9EEC /* Info.plist */,
				A2C6E901238F069E002D9EEC /* main.m */,
			);
			path = MyBuilderObjc;
			sourceTree = "<group>";
		};
/* End PBXGroup section */

/* Begin PBXNativeTarget section */
		A2C6E8EB238F069B002D9EEC /* MyBuilderObjc */ = {
			isa = PBXNativeTarget;
			buildConfigurationList = A2C6E905238F069E002D9EEC /* Build configuration list for PBXNativeTarget "MyBuilderObjc" */;
			buildPhases = (
				A2C6E8E8238F069B002D9EEC /* Sources */,
				A2C6E8E9238F069B002D9EEC /* Frameworks */,
				A2C6E8EA238F069B002D9EEC /* Resources */,
			);
			buildRules = (
			);
			dependencies = (
			);
			name = MyBuilderObjc;
			productName = MyBuilderObjc;
			productReference = A2C6E8EC238F069B002D9EEC /* MyBuilderObjc.app */;
			productType = "com.apple.product-type.application";
		};
/* End PBXNativeTarget section */

/* Begin PBXProject section */
		A2C6E8E4238F069B002D9EEC /* Project object */ = {
			isa = PBXProject;
			attributes = {
				LastUpgradeCheck = 1110;
				ORGANIZATIONNAME = jemzza;
				TargetAttributes = {
					A2C6E8EB238F069B002D9EEC = {
						CreatedOnToolsVersion = 11.1;
					};
				};
			};
			buildConfigurationList = A2C6E8E7238F069B002D9EEC /* Build configuration list for PBXProject "MyBuilderObjc" */;
			compatibilityVersion = "Xcode 9.3";
			developmentRegion = en;
			hasScannedForEncodings = 0;
			knownRegions = (
				en,
				Base,
			);
			mainGroup = A2C6E8E3238F069B002D9EEC;
			productRefGroup = A2C6E8ED238F069B002D9EEC /* Products */;
			projectDirPath = "";
			projectRoot = "";
			targets = (
				A2C6E8EB238F069B002D9EEC /* MyBuilderObjc */,
			);
		};
/* End PBXProject section */

/* Begin PBXResourcesBuildPhase section */
		A2C6E8EA238F069B002D9EEC /* Resources */ = {
			isa = PBXResourcesBuildPhase;
			buildActionMask = 2147483647;
			files = (
				A2C6E8FF238F069E002D9EEC /* LaunchScreen.storyboard in Resources */,
				A2C6E8FC238F069E002D9EEC /* Assets.xcassets in Resources */,
				A2C6E8FA238F069B002D9EEC /* Main.storyboard in Resources */,
			);
			runOnlyForDeploymentPostprocessing = 0;
		};
/* End PBXResourcesBuildPhase section */

/* Begin PBXSourcesBuildPhase section */
		A2C6E8E8238F069B002D9EEC /* Sources */ = {
			isa = PBXSourcesBuildPhase;
			buildActionMask = 2147483647;
			files = (
				A21C526A2395A5E200DDF33F /* LAACar.m in Sources */,
				A292C85B2395D135000047A5 /* LAACarBuilder.m in Sources */,
				A292C8672395E458000047A5 /* LAADirector.m in Sources */,
				A2C6E8F7238F069B002D9EEC /* ViewController.m in Sources */,
				A292C86D23965E20000047A5 /* LAASportCarBuilder.m in Sources */,
				A2C6E8F1238F069B002D9EEC /* AppDelegate.m in Sources */,
				A2C6E902238F069E002D9EEC /* main.m in Sources */,
				A292C8642395E2F2000047A5 /* LAAStandardCarBuilder.m in Sources */,
				A2C6E8F4238F069B002D9EEC /* SceneDelegate.m in Sources */,
			);
			runOnlyForDeploymentPostprocessing = 0;
		};
/* End PBXSourcesBuildPhase section */

/* Begin PBXVariantGroup section */
		A2C6E8F8238F069B002D9EEC /* Main.storyboard */ = {
			isa = PBXVariantGroup;
			children = (
				A2C6E8F9238F069B002D9EEC /* Base */,
			);
			name = Main.storyboard;
			sourceTree = "<group>";
		};
		A2C6E8FD238F069E002D9EEC /* LaunchScreen.storyboard */ = {
			isa = PBXVariantGroup;
			children = (
				A2C6E8FE238F069E002D9EEC /* Base */,
			);
			name = LaunchScreen.storyboard;
			sourceTree = "<group>";
		};
/* End PBXVariantGroup section */

/* Begin XCBuildConfiguration section */
		A2C6E903238F069E002D9EEC /* Debug */ = {
			isa = XCBuildConfiguration;
			buildSettings = {
				ALWAYS_SEARCH_USER_PATHS = NO;
				CLANG_ANALYZER_NONNULL = YES;
				CLANG_ANALYZER_NUMBER_OBJECT_CONVERSION = YES_AGGRESSIVE;
				CLANG_CXX_LANGUAGE_STANDARD = "gnu++14";
				CLANG_CXX_LIBRARY = "libc++";
				CLANG_ENABLE_MODULES = YES;
				CLANG_ENABLE_OBJC_ARC = YES;
				CLANG_ENABLE_OBJC_WEAK = YES;
				CLANG_WARN_BLOCK_CAPTURE_AUTORELEASING = YES;
				CLANG_WARN_BOOL_CONVERSION = YES;
				CLANG_WARN_COMMA = YES;
				CLANG_WARN_CONSTANT_CONVERSION = YES;
				CLANG_WARN_DEPRECATED_OBJC_IMPLEMENTATIONS = YES;
				CLANG_WARN_DIRECT_OBJC_ISA_USAGE = YES_ERROR;
				CLANG_WARN_DOCUMENTATION_COMMENTS = YES;
				CLANG_WARN_EMPTY_BODY = YES;
				CLANG_WARN_ENUM_CONVERSION = YES;
				CLANG_WARN_INFINITE_RECURSION = YES;
				CLANG_WARN_INT_CONVERSION = YES;
				CLANG_WARN_NON_LITERAL_NULL_CONVERSION = YES;
				CLANG_WARN_OBJC_IMPLICIT_RETAIN_SELF = YES;
				CLANG_WARN_OBJC_LITERAL_CONVERSION = YES;
				CLANG_WARN_OBJC_ROOT_CLASS = YES_ERROR;
				CLANG_WARN_RANGE_LOOP_ANALYSIS = YES;
				CLANG_WARN_STRICT_PROTOTYPES = YES;
				CLANG_WARN_SUSPICIOUS_MOVE = YES;
				CLANG_WARN_UNGUARDED_AVAILABILITY = YES_AGGRESSIVE;
				CLANG_WARN_UNREACHABLE_CODE = YES;
				CLANG_WARN__DUPLICATE_METHOD_MATCH = YES;
				COPY_PHASE_STRIP = NO;
				DEBUG_INFORMATION_FORMAT = dwarf;
				ENABLE_STRICT_OBJC_MSGSEND = YES;
				ENABLE_TESTABILITY = YES;
				GCC_C_LANGUAGE_STANDARD = gnu11;
				GCC_DYNAMIC_NO_PIC = NO;
				GCC_NO_COMMON_BLOCKS = YES;
				GCC_OPTIMIZATION_LEVEL = 0;
				GCC_PREPROCESSOR_DEFINITIONS = (
					"DEBUG=1",
					"$(inherited)",
				);
				GCC_WARN_64_TO_32_BIT_CONVERSION = YES;
				GCC_WARN_ABOUT_RETURN_TYPE = YES_ERROR;
				GCC_WARN_UNDECLARED_SELECTOR = YES;
				GCC_WARN_UNINITIALIZED_AUTOS = YES_AGGRESSIVE;
				GCC_WARN_UNUSED_FUNCTION = YES;
				GCC_WARN_UNUSED_VARIABLE = YES;
				IPHONEOS_DEPLOYMENT_TARGET = 13.1;
				MTL_ENABLE_DEBUG_INFO = INCLUDE_SOURCE;
				MTL_FAST_MATH = YES;
				ONLY_ACTIVE_ARCH = YES;
				SDKROOT = iphoneos;
			};
			name = Debug;
		};
		A2C6E904238F069E002D9EEC /* Release */ = {
			isa = XCBuildConfiguration;
			buildSettings = {
				ALWAYS_SEARCH_USER_PATHS = NO;
				CLANG_ANALYZER_NONNULL = YES;
				CLANG_ANALYZER_NUMBER_OBJECT_CONVERSION = YES_AGGRESSIVE;
				CLANG_CXX_LANGUAGE_STANDARD = "gnu++14";
				CLANG_CXX_LIBRARY = "libc++";
				CLANG_ENABLE_MODULES = YES;
				CLANG_ENABLE_OBJC_ARC = YES;
				CLANG_ENABLE_OBJC_WEAK = YES;
				CLANG_WARN_BLOCK_CAPTURE_AUTORELEASING = YES;
				CLANG_WARN_BOOL_CONVERSION = YES;
				CLANG_WARN_COMMA = YES;
				CLANG_WARN_CONSTANT_CONVERSION = YES;
				CLANG_WARN_DEPRECATED_OBJC_IMPLEMENTATIONS = YES;
				CLANG_WARN_DIRECT_OBJC_ISA_USAGE = YES_ERROR;
				CLANG_WARN_DOCUMENTATION_COMMENTS = YES;
				CLANG_WARN_EMPTY_BODY = YES;
				CLANG_WARN_ENUM_CONVERSION = YES;
				CLANG_WARN_INFINITE_RECURSION = YES;
				CLANG_WARN_INT_CONVERSION = YES;
				CLANG_WARN_NON_LITERAL_NULL_CONVERSION = YES;
				CLANG_WARN_OBJC_IMPLICIT_RETAIN_SELF = YES;
				CLANG_WARN_OBJC_LITERAL_CONVERSION = YES;
				CLANG_WARN_OBJC_ROOT_CLASS = YES_ERROR;
				CLANG_WARN_RANGE_LOOP_ANALYSIS = YES;
				CLANG_WARN_STRICT_PROTOTYPES = YES;
				CLANG_WARN_SUSPICIOUS_MOVE = YES;
				CLANG_WARN_UNGUARDED_AVAILABILITY = YES_AGGRESSIVE;
				CLANG_WARN_UNREACHABLE_CODE = YES;
				CLANG_WARN__DUPLICATE_METHOD_MATCH = YES;
				COPY_PHASE_STRIP = NO;
				DEBUG_INFORMATION_FORMAT = "dwarf-with-dsym";
				ENABLE_NS_ASSERTIONS = NO;
				ENABLE_STRICT_OBJC_MSGSEND = YES;
				GCC_C_LANGUAGE_STANDARD = gnu11;
				GCC_NO_COMMON_BLOCKS = YES;
				GCC_WARN_64_TO_32_BIT_CONVERSION = YES;
				GCC_WARN_ABOUT_RETURN_TYPE = YES_ERROR;
				GCC_WARN_UNDECLARED_SELECTOR = YES;
				GCC_WARN_UNINITIALIZED_AUTOS = YES_AGGRESSIVE;
				GCC_WARN_UNUSED_FUNCTION = YES;
				GCC_WARN_UNUSED_VARIABLE = YES;
				IPHONEOS_DEPLOYMENT_TARGET = 13.1;
				MTL_ENABLE_DEBUG_INFO = NO;
				MTL_FAST_MATH = YES;
				SDKROOT = iphoneos;
				VALIDATE_PRODUCT = YES;
			};
			name = Release;
		};
		A2C6E906238F069E002D9EEC /* Debug */ = {
			isa = XCBuildConfiguration;
			buildSettings = {
				ASSETCATALOG_COMPILER_APPICON_NAME = AppIcon;
				CODE_SIGN_STYLE = Automatic;
				DEVELOPMENT_TEAM = 946NQ7ZBS2;
				INFOPLIST_FILE = MyBuilderObjc/Info.plist;
				LD_RUNPATH_SEARCH_PATHS = (
					"$(inherited)",
					"@executable_path/Frameworks",
				);
				PRODUCT_BUNDLE_IDENTIFIER = jemzza.MyBuilderObjc;
				PRODUCT_NAME = "$(TARGET_NAME)";
				TARGETED_DEVICE_FAMILY = "1,2";
			};
			name = Debug;
		};
		A2C6E907238F069E002D9EEC /* Release */ = {
			isa = XCBuildConfiguration;
			buildSettings = {
				ASSETCATALOG_COMPILER_APPICON_NAME = AppIcon;
				CODE_SIGN_STYLE = Automatic;
				DEVELOPMENT_TEAM = 946NQ7ZBS2;
				INFOPLIST_FILE = MyBuilderObjc/Info.plist;
				LD_RUNPATH_SEARCH_PATHS = (
					"$(inherited)",
					"@executable_path/Frameworks",
				);
				PRODUCT_BUNDLE_IDENTIFIER = jemzza.MyBuilderObjc;
				PRODUCT_NAME = "$(TARGET_NAME)";
				TARGETED_DEVICE_FAMILY = "1,2";
			};
			name = Release;
		};
/* End XCBuildConfiguration section */

/* Begin XCConfigurationList section */
		A2C6E8E7238F069B002D9EEC /* Build configuration list for PBXProject "MyBuilderObjc" */ = {
			isa = XCConfigurationList;
			buildConfigurations = (
				A2C6E903238F069E002D9EEC /* Debug */,
				A2C6E904238F069E002D9EEC /* Release */,
			);
			defaultConfigurationIsVisible = 0;
			defaultConfigurationName = Release;
		};
		A2C6E905238F069E002D9EEC /* Build configuration list for PBXNativeTarget "MyBuilderObjc" */ = {
			isa = XCConfigurationList;
			buildConfigurations = (
				A2C6E906238F069E002D9EEC /* Debug */,
				A2C6E907238F069E002D9EEC /* Release */,
			);
			defaultConfigurationIsVisible = 0;
			defaultConfigurationName = Release;
		};
/* End XCConfigurationList section */
	};
	rootObject = A2C6E8E4238F069B002D9EEC /* Project object */;
}
